
Microsoft Visual Studio Solution File, Format Version 12.00
# Visual Studio Version 17
VisualStudioVersion = 17.14.37012.4 d17.14
MinimumVisualStudioVersion = 10.0.40219.1
Project("{FAE04EC0-301F-11D3-BF4B-00C04F79EFBC}") = "WebGoiYThuoc", "WebGoiYThuoc\WebGoiYThuoc.csproj", "{6787BCBB-B4CC-4D7F-ADC9-8BC1A93B288C}"
EndProject
Global
	GlobalSection(SolutionConfigurationPlatforms) = preSolution
		Debug|Any CPU = Debug|Any CPU
		Release|Any CPU = Release|Any CPU
	EndGlobalSection
	GlobalSection(ProjectConfigurationPlatforms) = postSolution
		{6787BCBB-B4CC-4D7F-ADC9-8BC1A93B288C}.Debug|Any CPU.ActiveCfg = Debug|Any CPU
		{6787BCBB-B4CC-4D7F-ADC9-8BC1A93B288C}.Debug|Any CPU.Build.0 = Debug|Any CPU
		{6787BCBB-B4CC-4D7F-ADC9-8BC1A93B288C}.Release|Any CPU.ActiveCfg = Release|Any CPU
		{6787BCBB-B4CC-4D7F-ADC9-8BC1A93B288C}.Release|Any CPU.Build.0 = Release|Any CPU
	EndGlobalSection
	GlobalSection(SolutionProperties) = preSolution
		HideSolutionNode = FALSE
	EndGlobalSection
	GlobalSection(ExtensibilityGlobals) = postSolution
		SolutionGuid = {B9248FD4-F20B-4A70-AB9C-6AE4804FDB6B}
	EndGlobalSection
EndGlobal
